<?xml version="1.0" encoding="utf-8"?>
<Project ToolsVersion="4.0" xmlns="http://schemas.microsoft.com/developer/msbuild/2003">
  <ItemGroup>
    <Filter Include="Source Files">
      <UniqueIdentifier>{4FC737F1-C7A5-4376-A066-2A32D752A2FF}</UniqueIdentifier>
      <Extensions>cpp;c;cc;cxx;c++;cppm;ixx;def;odl;idl;hpj;bat;asm;asmx</Extensions>
    </Filter>
    <Filter Include="Header Files">
      <UniqueIdentifier>{93995380-89BD-4b04-88EB-625FBE52EBFB}</UniqueIdentifier>
      <Extensions>h;hh;hpp;hxx;h++;hm;inl;inc;ipp;xsd</Extensions>
    </Filter>
    <Filter Include="Resource Files">
      <UniqueIdentifier>{67DA6AB6-F800-4c08-8B7A-83BB121AAD01}</UniqueIdentifier>
      <Extensions>rc;ico;cur;bmp;dlg;rc2;rct;bin;rgs;gif;jpg;jpeg;jpe;resx;tiff;tif;png;wav;mfcribbon-ms</Extensions>
    </Filter>
  </ItemGroup>
  <ItemGroup>
    <ClCompile Include="vm\aging_collector.cpp">
      <Filter>Source Files</Filter>
    </ClCompile>
    <ClCompile Include="vm\alien.cpp">
      <Filter>Source Files</Filter>
    </ClCompile>
    <ClCompile Include="vm\arrays.cpp">
      <Filter>Source Files</Filter>
    </ClCompile>
    <ClCompile Include="vm\bignum.cpp">
      <Filter>Source Files</Filter>
    </ClCompile>
    <ClCompile Include="vm\byte_arrays.cpp">
      <Filter>Source Files</Filter>
    </ClCompile>
    <ClCompile Include="vm\callbacks.cpp">
      <Filter>Source Files</Filter>
    </ClCompile>
    <ClCompile Include="vm\callstack.cpp">
      <Filter>Source Files</Filter>
    </ClCompile>
    <ClCompile Include="vm\code_blocks.cpp">
      <Filter>Source Files</Filter>
    </ClCompile>
    <ClCompile Include="vm\code_heap.cpp">
      <Filter>Source Files</Filter>
    </ClCompile>
    <ClCompile Include="vm\compaction.cpp">
      <Filter>Source Files</Filter>
    </ClCompile>
    <ClCompile Include="vm\contexts.cpp">
      <Filter>Source Files</Filter>
    </ClCompile>
    <ClCompile Include="vm\data_heap.cpp">
      <Filter>Source Files</Filter>
    </ClCompile>
    <ClCompile Include="vm\data_heap_checker.cpp">
      <Filter>Source Files</Filter>
    </ClCompile>
    <ClCompile Include="vm\debug.cpp">
      <Filter>Source Files</Filter>
    </ClCompile>
    <ClCompile Include="vm\dispatch.cpp">
      <Filter>Source Files</Filter>
    </ClCompile>
    <ClCompile Include="vm\entry_points.cpp">
      <Filter>Source Files</Filter>
    </ClCompile>
    <ClCompile Include="vm\errors.cpp">
      <Filter>Source Files</Filter>
    </ClCompile>
    <ClCompile Include="vm\factor.cpp">
      <Filter>Source Files</Filter>
    </ClCompile>
    <ClCompile Include="vm\full_collector.cpp">
      <Filter>Source Files</Filter>
    </ClCompile>
    <ClCompile Include="vm\gc.cpp">
      <Filter>Source Files</Filter>
    </ClCompile>
    <ClCompile Include="vm\image.cpp">
      <Filter>Source Files</Filter>
    </ClCompile>
    <ClCompile Include="vm\inline_cache.cpp">
      <Filter>Source Files</Filter>
    </ClCompile>
    <ClCompile Include="vm\instruction_operands.cpp">
      <Filter>Source Files</Filter>
    </ClCompile>
    <ClCompile Include="vm\io.cpp">
      <Filter>Source Files</Filter>
    </ClCompile>
    <ClCompile Include="vm\jit.cpp">
      <Filter>Source Files</Filter>
    </ClCompile>
    <ClCompile Include="vm\main-windows.cpp">
      <Filter>Source Files</Filter>
    </ClCompile>
    <ClCompile Include="vm\math.cpp">
      <Filter>Source Files</Filter>
    </ClCompile>
    <ClCompile Include="vm\mvm.cpp">
      <Filter>Source Files</Filter>
    </ClCompile>
    <ClCompile Include="vm\mvm-windows.cpp">
      <Filter>Source Files</Filter>
    </ClCompile>
    <ClCompile Include="vm\nursery_collector.cpp">
      <Filter>Source Files</Filter>
    </ClCompile>
    <ClCompile Include="vm\object_start_map.cpp">
      <Filter>Source Files</Filter>
    </ClCompile>
    <ClCompile Include="vm\objects.cpp">
      <Filter>Source Files</Filter>
    </ClCompile>
    <ClCompile Include="vm\os-windows.cpp">
      <Filter>Source Files</Filter>
    </ClCompile>
    <ClCompile Include="vm\os-windows-x86.64.cpp">
      <Filter>Source Files</Filter>
    </ClCompile>
    <ClCompile Include="vm\primitives.cpp">
      <Filter>Source Files</Filter>
    </ClCompile>
    <ClCompile Include="vm\quotations.cpp">
      <Filter>Source Files</Filter>
    </ClCompile>
    <ClCompile Include="vm\run.cpp">
      <Filter>Source Files</Filter>
    </ClCompile>
    <ClCompile Include="vm\safepoints.cpp">
      <Filter>Source Files</Filter>
    </ClCompile>
    <ClCompile Include="vm\sampling_profiler.cpp">
      <Filter>Source Files</Filter>
    </ClCompile>
    <ClCompile Include="vm\strings.cpp">
      <Filter>Source Files</Filter>
    </ClCompile>
    <ClCompile Include="vm\to_tenured_collector.cpp">
      <Filter>Source Files</Filter>
    </ClCompile>
    <ClCompile Include="vm\tuples.cpp">
      <Filter>Source Files</Filter>
    </ClCompile>
    <ClCompile Include="vm\utilities.cpp">
      <Filter>Source Files</Filter>
    </ClCompile>
    <ClCompile Include="vm\vm.cpp">
      <Filter>Source Files</Filter>
    </ClCompile>
    <ClCompile Include="vm\words.cpp">
      <Filter>Source Files</Filter>
    </ClCompile>
    <ClCompile Include="vm\cpu-x86.cpp">
      <Filter>Source Files</Filter>
    </ClCompile>
  </ItemGroup>
  <ItemGroup>
    <ClInclude Include="vm\aging_space.hpp">
      <Filter>Header Files</Filter>
    </ClInclude>
    <ClInclude Include="vm\allot.hpp">
      <Filter>Header Files</Filter>
    </ClInclude>
    <ClInclude Include="vm\arrays.hpp">
      <Filter>Header Files</Filter>
    </ClInclude>
    <ClInclude Include="vm\assert.hpp">
      <Filter>Header Files</Filter>
    </ClInclude>
    <ClInclude Include="vm\atomic.hpp">
      <Filter>Header Files</Filter>
    </ClInclude>
    <ClInclude Include="vm\atomic-cl-64.hpp">
      <Filter>Header Files</Filter>
    </ClInclude>
    <ClInclude Include="vm\bignum.hpp">
      <Filter>Header Files</Filter>
    </ClInclude>
    <ClInclude Include="vm\bignumint.hpp">
      <Filter>Header Files</Filter>
    </ClInclude>
    <ClInclude Include="vm\bitwise_hacks.hpp">
      <Filter>Header Files</Filter>
    </ClInclude>
    <ClInclude Include="vm\booleans.hpp">
      <Filter>Header Files</Filter>
    </ClInclude>
    <ClInclude Include="vm\bump_allocator.hpp">
      <Filter>Header Files</Filter>
    </ClInclude>
    <ClInclude Include="vm\byte_arrays.hpp">
      <Filter>Header Files</Filter>
    </ClInclude>
    <ClInclude Include="vm\callbacks.hpp">
      <Filter>Header Files</Filter>
    </ClInclude>
    <ClInclude Include="vm\callstack.hpp">
      <Filter>Header Files</Filter>
    </ClInclude>
    <ClInclude Include="vm\code_blocks.hpp">
      <Filter>Header Files</Filter>
    </ClInclude>
    <ClInclude Include="vm\code_heap.hpp">
      <Filter>Header Files</Filter>
    </ClInclude>
    <ClInclude Include="vm\code_roots.hpp">
      <Filter>Header Files</Filter>
    </ClInclude>
    <ClInclude Include="vm\contexts.hpp">
      <Filter>Header Files</Filter>
    </ClInclude>
    <ClInclude Include="vm\cpu-x86.hpp">
      <Filter>Header Files</Filter>
    </ClInclude>
    <ClInclude Include="vm\cpu-x86.64.hpp">
      <Filter>Header Files</Filter>
    </ClInclude>
    <ClInclude Include="vm\data_heap.hpp">
      <Filter>Header Files</Filter>
    </ClInclude>
    <ClInclude Include="vm\data_roots.hpp">
      <Filter>Header Files</Filter>
    </ClInclude>
    <ClInclude Include="vm\debug.hpp">
      <Filter>Header Files</Filter>
    </ClInclude>
    <ClInclude Include="vm\dispatch.hpp">
      <Filter>Header Files</Filter>
    </ClInclude>
    <ClInclude Include="vm\errors.hpp">
      <Filter>Header Files</Filter>
    </ClInclude>
    <ClInclude Include="vm\factor.hpp">
      <Filter>Header Files</Filter>
    </ClInclude>
    <ClInclude Include="vm\fixup.hpp">
      <Filter>Header Files</Filter>
    </ClInclude>
    <ClInclude Include="vm\float_bits.hpp">
      <Filter>Header Files</Filter>
    </ClInclude>
    <ClInclude Include="vm\free_list.hpp">
      <Filter>Header Files</Filter>
    </ClInclude>
    <ClInclude Include="vm\gc.hpp">
      <Filter>Header Files</Filter>
    </ClInclude>
    <ClInclude Include="vm\gc_info.hpp">
      <Filter>Header Files</Filter>
    </ClInclude>
    <ClInclude Include="vm\generic_arrays.hpp">
      <Filter>Header Files</Filter>
    </ClInclude>
    <ClInclude Include="vm\image.hpp">
      <Filter>Header Files</Filter>
    </ClInclude>
    <ClInclude Include="vm\inline_cache.hpp">
      <Filter>Header Files</Filter>
    </ClInclude>
    <ClInclude Include="vm\instruction_operands.hpp">
      <Filter>Header Files</Filter>
    </ClInclude>
    <ClInclude Include="vm\io.hpp">
      <Filter>Header Files</Filter>
    </ClInclude>
    <ClInclude Include="vm\jit.hpp">
      <Filter>Header Files</Filter>
    </ClInclude>
    <ClInclude Include="vm\layouts.hpp">
      <Filter>Header Files</Filter>
    </ClInclude>
    <ClInclude Include="vm\mark_bits.hpp">
      <Filter>Header Files</Filter>
    </ClInclude>
    <ClInclude Include="vm\master.hpp">
      <Filter>Header Files</Filter>
    </ClInclude>
    <ClInclude Include="vm\math.hpp">
      <Filter>Header Files</Filter>
    </ClInclude>
    <ClInclude Include="vm\mvm.hpp">
      <Filter>Header Files</Filter>
    </ClInclude>
    <ClInclude Include="vm\object_start_map.hpp">
      <Filter>Header Files</Filter>
    </ClInclude>
    <ClInclude Include="vm\objects.hpp">
      <Filter>Header Files</Filter>
    </ClInclude>
    <ClInclude Include="vm\os-windows.hpp">
      <Filter>Header Files</Filter>
    </ClInclude>
    <ClInclude Include="vm\os-windows.64.hpp">
      <Filter>Header Files</Filter>
    </ClInclude>
    <ClInclude Include="vm\platform.hpp">
      <Filter>Header Files</Filter>
    </ClInclude>
    <ClInclude Include="vm\primitives.hpp">
      <Filter>Header Files</Filter>
    </ClInclude>
    <ClInclude Include="vm\quotations.hpp">
      <Filter>Header Files</Filter>
    </ClInclude>
    <ClInclude Include="vm\run.hpp">
      <Filter>Header Files</Filter>
    </ClInclude>
    <ClInclude Include="vm\sampling_profiler.hpp">
      <Filter>Header Files</Filter>
    </ClInclude>
    <ClInclude Include="vm\segments.hpp">
      <Filter>Header Files</Filter>
    </ClInclude>
    <ClInclude Include="vm\slot_visitor.hpp">
      <Filter>Header Files</Filter>
    </ClInclude>
    <ClInclude Include="vm\tagged.hpp">
      <Filter>Header Files</Filter>
    </ClInclude>
    <ClInclude Include="vm\tenured_space.hpp">
      <Filter>Header Files</Filter>
    </ClInclude>
    <ClInclude Include="vm\to_tenured_collector.hpp">
      <Filter>Header Files</Filter>
    </ClInclude>
    <ClInclude Include="vm\utilities.hpp">
      <Filter>Header Files</Filter>
    </ClInclude>
    <ClInclude Include="vm\vm.hpp">
      <Filter>Header Files</Filter>
    </ClInclude>
    <ClInclude Include="vm\write_barrier.hpp">
      <Filter>Header Files</Filter>
    </ClInclude>
  </ItemGroup>
</Project>